
Microsoft Visual Studio Solution File, Format Version 12.00
# Visual Studio Version 16
VisualStudioVersion = 16.0.31112.23
MinimumVisualStudioVersion = 10.0.40219.1
Project("{FAE04EC0-301F-11D3-BF4B-00C04F79EFBC}") = "FlangeConnection", "FlangeConnection\FlangeConnection.csproj", "{181228F3-0AB6-4C42-BC36-3E49ABAA307E}"
EndProject
Project("{FAE04EC0-301F-11D3-BF4B-00C04F79EFBC}") = "FlangeConnection.Tests", "FlangeConnection.Tests\FlangeConnection.Tests.csproj", "{590809EC-07BC-408F-949D-E03FAE65C849}"
EndProject
Global
	GlobalSection(SolutionConfigurationPlatforms) = preSolution
		Debug|Any CPU = Debug|Any CPU
		Release|Any CPU = Release|Any CPU
	EndGlobalSection
	GlobalSection(ProjectConfigurationPlatforms) = postSolution
		{181228F3-0AB6-4C42-BC36-3E49ABAA307E}.Debug|Any CPU.ActiveCfg = Debug|Any CPU
		{181228F3-0AB6-4C42-BC36-3E49ABAA307E}.Debug|Any CPU.Build.0 = Debug|Any CPU
		{181228F3-0AB6-4C42-BC36-3E49ABAA307E}.Release|Any CPU.ActiveCfg = Release|Any CPU
		{181228F3-0AB6-4C42-BC36-3E49ABAA307E}.Release|Any CPU.Build.0 = Release|Any CPU
		{590809EC-07BC-408F-949D-E03FAE65C849}.Debug|Any CPU.ActiveCfg = Debug|Any CPU
		{590809EC-07BC-408F-949D-E03FAE65C849}.Debug|Any CPU.Build.0 = Debug|Any CPU
		{590809EC-07BC-408F-949D-E03FAE65C849}.Release|Any CPU.ActiveCfg = Release|Any CPU
		{590809EC-07BC-408F-949D-E03FAE65C849}.Release|Any CPU.Build.0 = Release|Any CPU
	EndGlobalSection
	GlobalSection(SolutionProperties) = preSolution
		HideSolutionNode = FALSE
	EndGlobalSection
	GlobalSection(ExtensibilityGlobals) = postSolution
		SolutionGuid = {5C1FA914-6A93-4C4B-AF7B-1A046CE87345}
	EndGlobalSection
EndGlobal
